
Microsoft Visual Studio Solution File, Format Version 12.00
# Visual Studio 15
Project("{2150E333-8FDC-42A3-9474-1A3956D46DE8}") = "src", "src", "{D3DB5CA3-5399-461A-BEBE-32C1F6709367}"
EndProject
Project("{FAE04EC0-301F-11D3-BF4B-00C04F79EFBC}") = "AspNetCoreRateLimitDemo", "src\AspNetCoreRateLimitDemo\AspNetCoreRateLimitDemo.csproj", "{3F73C5CF-DD50-4D5F-8955-01FEB535F5E1}"
EndProject
Project("{FAE04EC0-301F-11D3-BF4B-00C04F79EFBC}") = "MiniProfilerDemo", "src\MiniProfilerDemo\MiniProfilerDemo.csproj", "{209CE8B4-E5F5-43BF-972C-A7230DBA595D}"
EndProject
Project("{2150E333-8FDC-42A3-9474-1A3956D46DE8}") = "IdSrv4", "IdSrv4", "{2F131F61-32A6-4A49-8527-7BD36035DCC5}"
EndProject
Project("{FAE04EC0-301F-11D3-BF4B-00C04F79EFBC}") = "IdSrv4Demo", "src\IdSrv4\IdSrv4Demo\IdSrv4Demo.csproj", "{4F245429-E4B9-44A5-8C5B-A1990D98FC10}"
EndProject
Project("{FAE04EC0-301F-11D3-BF4B-00C04F79EFBC}") = "IdSrv4Demo.Api", "src\IdSrv4\IdSrv4Demo.Api\IdSrv4Demo.Api.csproj", "{F6B18C22-9930-4097-9A69-915F6C8CF85B}"
EndProject
Project("{FAE04EC0-301F-11D3-BF4B-00C04F79EFBC}") = "IdSrv4Demo.Mvc", "src\IdSrv4\IdSrv4Demo.Mvc\IdSrv4Demo.Mvc.csproj", "{575B85A9-3D68-4E94-ADBE-A91665CC3B21}"
EndProject
Project("{FAE04EC0-301F-11D3-BF4B-00C04F79EFBC}") = "IdSrv4Demo.JS", "src\IdSrv4\IdSrv4Demo.JS\IdSrv4Demo.JS.csproj", "{4F5CDE7D-FE9F-414F-957D-CF30951E2FF9}"
EndProject
Project("{FAE04EC0-301F-11D3-BF4B-00C04F79EFBC}") = "MiddlewareDemo", "src\MiddlewareDemo\MiddlewareDemo.csproj", "{33BF38DC-281F-4521-8A46-8A3C192D246A}"
EndProject
Project("{2150E333-8FDC-42A3-9474-1A3956D46DE8}") = "GrpcGreeter", "GrpcGreeter", "{D5A585CB-2802-4F40-B89B-2B8724D22C2A}"
EndProject
Project("{FAE04EC0-301F-11D3-BF4B-00C04F79EFBC}") = "GrpcGreeter.Client", "src\GrpcGreeter\GrpcGreeter.Client\GrpcGreeter.Client.csproj", "{27DCFA95-0466-4114-9B05-7C7285FDDA07}"
EndProject
Project("{FAE04EC0-301F-11D3-BF4B-00C04F79EFBC}") = "GrpcGreeter.Server", "src\GrpcGreeter\GrpcGreeter.Server\GrpcGreeter.Server.csproj", "{9760C59F-CAEA-46A8-AEAA-03B6F9DE5E02}"
EndProject
Project("{2150E333-8FDC-42A3-9474-1A3956D46DE8}") = "Natasha", "Natasha", "{A8010C67-2051-45F6-9EEC-4F8A70B56671}"
EndProject
Project("{FAE04EC0-301F-11D3-BF4B-00C04F79EFBC}") = "NatashaDemo", "src\Natasha\NatashaDemo\NatashaDemo.csproj", "{836FA22C-8CDF-470D-8636-79DE350C5673}"
EndProject
Project("{FAE04EC0-301F-11D3-BF4B-00C04F79EFBC}") = "NatashaWebDemo", "src\Natasha\NatashaWebDemo\NatashaWebDemo.csproj", "{676ED9F8-84C3-40B9-A060-5344B683DFAC}"
EndProject
Project("{2150E333-8FDC-42A3-9474-1A3956D46DE8}") = "CompareDemo", "CompareDemo", "{B427BDA0-D082-11E9-B2FF-2B4628125145}"
EndProject
Project("{FAE04EC0-301F-11D3-BF4B-00C04F79EFBC}") = "CompareDemo", "src\CompareDemo\CompareDemo\CompareDemo.csproj", "{D9B7CD09-6133-419A-BE21-FAE12020D434}"
EndProject
Project("{FAE04EC0-301F-11D3-BF4B-00C04F79EFBC}") = "Compare", "src\CompareDemo\Compare\Compare.csproj", "{243EE683-D4B7-4581-B433-7E809A6232F5}"
EndProject
Project("{2150E333-8FDC-42A3-9474-1A3956D46DE8}") = "AuthDemo", "AuthDemo", "{CAA9CEA9-EF80-454A-B711-E43B9A92B52A}"
EndProject
Project("{FAE04EC0-301F-11D3-BF4B-00C04F79EFBC}") = "CookieAuth", "src\AuthDemo\CookieAuth\CookieAuth.csproj", "{72F85B0B-AA94-44FF-8661-153334BB365C}"
EndProject
Project("{FAE04EC0-301F-11D3-BF4B-00C04F79EFBC}") = "JwtAuth", "src\AuthDemo\JwtAuth\JwtAuth.csproj", "{CC4189C3-9B4B-4B8C-889C-E248C54F76A0}"
EndProject
Project("{FAE04EC0-301F-11D3-BF4B-00C04F79EFBC}") = "CookieWithJwtAuth", "src\AuthDemo\CookieWithJwtAuth\CookieWithJwtAuth.csproj", "{54ACD8A3-0002-4D97-9529-72FFE68DC751}"
EndProject
Project("{2150E333-8FDC-42A3-9474-1A3956D46DE8}") = "ExpressionTreeDemos", "ExpressionTreeDemos", "{2E0CA804-F096-4F0D-93C5-60EC3067DC4F}"
EndProject
Project("{FAE04EC0-301F-11D3-BF4B-00C04F79EFBC}") = "ExpressionTreeDemo01", "src\ExpressionTreeDemos\ExpressionTreeDemo01\ExpressionTreeDemo01.csproj", "{180236F0-C22B-4B88-9684-FD2ED6FF8C3A}"
EndProject
Project("{FAE04EC0-301F-11D3-BF4B-00C04F79EFBC}") = "WebHostBuilderDemos", "src\WebHostDemos\WebHostBuilderDemos\WebHostBuilderDemos.csproj", "{B8843E45-E756-4154-9B20-D5DC46EC4959}"
EndProject
Project("{2150E333-8FDC-42A3-9474-1A3956D46DE8}") = "WebHostDemos", "WebHostDemos", "{9317A825-F47D-46C6-953B-45E379AA4BAD}"
EndProject
Project("{2150E333-8FDC-42A3-9474-1A3956D46DE8}") = "Solutions Items", "Solutions Items", "{C49E5DF0-8D44-4D77-8838-D1D9BF39B8FF}"
	ProjectSection(SolutionItems) = preProject
		global.json = global.json
		README.md = README.md
	EndProjectSection
EndProject
Project("{2150E333-8FDC-42A3-9474-1A3956D46DE8}") = "APM", "APM", "{944AEB89-C858-47BE-A135-FAC3AA9F3AE2}"
EndProject
Project("{FAE04EC0-301F-11D3-BF4B-00C04F79EFBC}") = "APM.CpuDemos", "src\APM\APM.CpuDemos\APM.CpuDemos.csproj", "{93B4D155-DDE9-4618-A7CE-58C36F19F615}"
EndProject
Project("{FAE04EC0-301F-11D3-BF4B-00C04F79EFBC}") = "NatashaWeb3.1Demo", "src\Natasha\NatashaWeb3.1Demo\NatashaWeb3.1Demo.csproj", "{C17DB72C-7C5B-4628-8CD4-8D8BBD4294AD}"
EndProject
Project("{FAE04EC0-301F-11D3-BF4B-00C04F79EFBC}") = "NatashaMvc3.1Demo", "src\Natasha\NatashaMvc3.1Demo\NatashaMvc3.1Demo.csproj", "{149FE8EF-820A-405D-9D72-6B227839B866}"
EndProject
Project("{FAE04EC0-301F-11D3-BF4B-00C04F79EFBC}") = "NatashaMvc3.1Lib", "src\Natasha\NatashaMvc3.1Lib\NatashaMvc3.1Lib.csproj", "{E00BEF0A-2BF9-4290-A353-9767049EB607}"
EndProject
Project("{FAE04EC0-301F-11D3-BF4B-00C04F79EFBC}") = "NatashaMvc2.2Demo", "src\Natasha\NatashaMvc2.2Demo\NatashaMvc2.2Demo.csproj", "{E7D5A354-76F4-4241-BF33-8729A4F6F58F}"
EndProject
Project("{9344BDBB-3E7F-41FC-A0DD-8665D75EE146}") = "IdentityServer.Admin", "src\IdSrv4\IdentityServer.Admin\IdentityServer.Admin.csproj", "{6FDCAC08-DD1B-4FA9-96AB-9F3BD0AD3CBC}"
EndProject
Project("{9344BDBB-3E7F-41FC-A0DD-8665D75EE146}") = "IdentityServer.ASPCoreId", "src\IdSrv4\IdentityServer.ASPCoreId\IdentityServer.ASPCoreId.csproj", "{0A6A14BC-842B-488F-9D54-B03671C69993}"
EndProject
Project("{9344BDBB-3E7F-41FC-A0DD-8665D75EE146}") = "IdentityServer.EFCoreStore", "src\IdSrv4\IdentityServer.EFCoreStore\IdentityServer.EFCoreStore.csproj", "{B7BFA4F1-6764-47A4-B499-7836CE99FD76}"
EndProject
Project("{9344BDBB-3E7F-41FC-A0DD-8665D75EE146}") = "IdentityServer.InMemStore", "src\IdSrv4\IdentityServer.InMemStore\IdentityServer.InMemStore.csproj", "{C81E2F15-A454-42E5-B97F-6AE125825597}"
EndProject
Project("{FAE04EC0-301F-11D3-BF4B-00C04F79EFBC}") = "NatashaMvc2.2Lib", "src\Natasha\NatashaMvc2.2Lib\NatashaMvc2.2Lib.csproj", "{B5C8386C-4FAE-4367-8E81-251D1B478C83}"
EndProject
Global
	GlobalSection(SolutionConfigurationPlatforms) = preSolution
		Debug|Any CPU = Debug|Any CPU
		Release|Any CPU = Release|Any CPU
	EndGlobalSection
	GlobalSection(ProjectConfigurationPlatforms) = postSolution
		{3F73C5CF-DD50-4D5F-8955-01FEB535F5E1}.Debug|Any CPU.ActiveCfg = Debug|Any CPU
		{3F73C5CF-DD50-4D5F-8955-01FEB535F5E1}.Debug|Any CPU.Build.0 = Debug|Any CPU
		{3F73C5CF-DD50-4D5F-8955-01FEB535F5E1}.Release|Any CPU.ActiveCfg = Release|Any CPU
		{3F73C5CF-DD50-4D5F-8955-01FEB535F5E1}.Release|Any CPU.Build.0 = Release|Any CPU
		{209CE8B4-E5F5-43BF-972C-A7230DBA595D}.Debug|Any CPU.ActiveCfg = Debug|Any CPU
		{209CE8B4-E5F5-43BF-972C-A7230DBA595D}.Debug|Any CPU.Build.0 = Debug|Any CPU
		{209CE8B4-E5F5-43BF-972C-A7230DBA595D}.Release|Any CPU.ActiveCfg = Release|Any CPU
		{209CE8B4-E5F5-43BF-972C-A7230DBA595D}.Release|Any CPU.Build.0 = Release|Any CPU
		{4F245429-E4B9-44A5-8C5B-A1990D98FC10}.Debug|Any CPU.ActiveCfg = Debug|Any CPU
		{4F245429-E4B9-44A5-8C5B-A1990D98FC10}.Debug|Any CPU.Build.0 = Debug|Any CPU
		{4F245429-E4B9-44A5-8C5B-A1990D98FC10}.Release|Any CPU.ActiveCfg = Release|Any CPU
		{4F245429-E4B9-44A5-8C5B-A1990D98FC10}.Release|Any CPU.Build.0 = Release|Any CPU
		{F6B18C22-9930-4097-9A69-915F6C8CF85B}.Debug|Any CPU.ActiveCfg = Debug|Any CPU
		{F6B18C22-9930-4097-9A69-915F6C8CF85B}.Debug|Any CPU.Build.0 = Debug|Any CPU
		{F6B18C22-9930-4097-9A69-915F6C8CF85B}.Release|Any CPU.ActiveCfg = Release|Any CPU
		{F6B18C22-9930-4097-9A69-915F6C8CF85B}.Release|Any CPU.Build.0 = Release|Any CPU
		{575B85A9-3D68-4E94-ADBE-A91665CC3B21}.Debug|Any CPU.ActiveCfg = Debug|Any CPU
		{575B85A9-3D68-4E94-ADBE-A91665CC3B21}.Debug|Any CPU.Build.0 = Debug|Any CPU
		{575B85A9-3D68-4E94-ADBE-A91665CC3B21}.Release|Any CPU.ActiveCfg = Release|Any CPU
		{575B85A9-3D68-4E94-ADBE-A91665CC3B21}.Release|Any CPU.Build.0 = Release|Any CPU
		{4F5CDE7D-FE9F-414F-957D-CF30951E2FF9}.Debug|Any CPU.ActiveCfg = Debug|Any CPU
		{4F5CDE7D-FE9F-414F-957D-CF30951E2FF9}.Debug|Any CPU.Build.0 = Debug|Any CPU
		{4F5CDE7D-FE9F-414F-957D-CF30951E2FF9}.Release|Any CPU.ActiveCfg = Release|Any CPU
		{4F5CDE7D-FE9F-414F-957D-CF30951E2FF9}.Release|Any CPU.Build.0 = Release|Any CPU
		{33BF38DC-281F-4521-8A46-8A3C192D246A}.Debug|Any CPU.ActiveCfg = Debug|Any CPU
		{33BF38DC-281F-4521-8A46-8A3C192D246A}.Debug|Any CPU.Build.0 = Debug|Any CPU
		{33BF38DC-281F-4521-8A46-8A3C192D246A}.Release|Any CPU.ActiveCfg = Release|Any CPU
		{33BF38DC-281F-4521-8A46-8A3C192D246A}.Release|Any CPU.Build.0 = Release|Any CPU
		{27DCFA95-0466-4114-9B05-7C7285FDDA07}.Debug|Any CPU.ActiveCfg = Debug|Any CPU
		{27DCFA95-0466-4114-9B05-7C7285FDDA07}.Debug|Any CPU.Build.0 = Debug|Any CPU
		{27DCFA95-0466-4114-9B05-7C7285FDDA07}.Release|Any CPU.ActiveCfg = Release|Any CPU
		{27DCFA95-0466-4114-9B05-7C7285FDDA07}.Release|Any CPU.Build.0 = Release|Any CPU
		{9760C59F-CAEA-46A8-AEAA-03B6F9DE5E02}.Debug|Any CPU.ActiveCfg = Debug|Any CPU
		{9760C59F-CAEA-46A8-AEAA-03B6F9DE5E02}.Debug|Any CPU.Build.0 = Debug|Any CPU
		{9760C59F-CAEA-46A8-AEAA-03B6F9DE5E02}.Release|Any CPU.ActiveCfg = Release|Any CPU
		{9760C59F-CAEA-46A8-AEAA-03B6F9DE5E02}.Release|Any CPU.Build.0 = Release|Any CPU
		{836FA22C-8CDF-470D-8636-79DE350C5673}.Debug|Any CPU.ActiveCfg = Debug|Any CPU
		{836FA22C-8CDF-470D-8636-79DE350C5673}.Debug|Any CPU.Build.0 = Debug|Any CPU
		{836FA22C-8CDF-470D-8636-79DE350C5673}.Release|Any CPU.ActiveCfg = Release|Any CPU
		{836FA22C-8CDF-470D-8636-79DE350C5673}.Release|Any CPU.Build.0 = Release|Any CPU
		{676ED9F8-84C3-40B9-A060-5344B683DFAC}.Debug|Any CPU.ActiveCfg = Debug|Any CPU
		{676ED9F8-84C3-40B9-A060-5344B683DFAC}.Debug|Any CPU.Build.0 = Debug|Any CPU
		{676ED9F8-84C3-40B9-A060-5344B683DFAC}.Release|Any CPU.ActiveCfg = Release|Any CPU
		{676ED9F8-84C3-40B9-A060-5344B683DFAC}.Release|Any CPU.Build.0 = Release|Any CPU
		{D9B7CD09-6133-419A-BE21-FAE12020D434}.Debug|Any CPU.ActiveCfg = Debug|Any CPU
		{D9B7CD09-6133-419A-BE21-FAE12020D434}.Debug|Any CPU.Build.0 = Debug|Any CPU
		{D9B7CD09-6133-419A-BE21-FAE12020D434}.Release|Any CPU.ActiveCfg = Release|Any CPU
		{D9B7CD09-6133-419A-BE21-FAE12020D434}.Release|Any CPU.Build.0 = Release|Any CPU
		{243EE683-D4B7-4581-B433-7E809A6232F5}.Debug|Any CPU.ActiveCfg = Debug|Any CPU
		{243EE683-D4B7-4581-B433-7E809A6232F5}.Debug|Any CPU.Build.0 = Debug|Any CPU
		{243EE683-D4B7-4581-B433-7E809A6232F5}.Release|Any CPU.ActiveCfg = Release|Any CPU
		{243EE683-D4B7-4581-B433-7E809A6232F5}.Release|Any CPU.Build.0 = Release|Any CPU
		{72F85B0B-AA94-44FF-8661-153334BB365C}.Debug|Any CPU.ActiveCfg = Debug|Any CPU
		{72F85B0B-AA94-44FF-8661-153334BB365C}.Debug|Any CPU.Build.0 = Debug|Any CPU
		{72F85B0B-AA94-44FF-8661-153334BB365C}.Release|Any CPU.ActiveCfg = Release|Any CPU
		{72F85B0B-AA94-44FF-8661-153334BB365C}.Release|Any CPU.Build.0 = Release|Any CPU
		{CC4189C3-9B4B-4B8C-889C-E248C54F76A0}.Debug|Any CPU.ActiveCfg = Debug|Any CPU
		{CC4189C3-9B4B-4B8C-889C-E248C54F76A0}.Debug|Any CPU.Build.0 = Debug|Any CPU
		{CC4189C3-9B4B-4B8C-889C-E248C54F76A0}.Release|Any CPU.ActiveCfg = Release|Any CPU
		{CC4189C3-9B4B-4B8C-889C-E248C54F76A0}.Release|Any CPU.Build.0 = Release|Any CPU
		{54ACD8A3-0002-4D97-9529-72FFE68DC751}.Debug|Any CPU.ActiveCfg = Debug|Any CPU
		{54ACD8A3-0002-4D97-9529-72FFE68DC751}.Debug|Any CPU.Build.0 = Debug|Any CPU
		{54ACD8A3-0002-4D97-9529-72FFE68DC751}.Release|Any CPU.ActiveCfg = Release|Any CPU
		{54ACD8A3-0002-4D97-9529-72FFE68DC751}.Release|Any CPU.Build.0 = Release|Any CPU
		{180236F0-C22B-4B88-9684-FD2ED6FF8C3A}.Debug|Any CPU.ActiveCfg = Debug|Any CPU
		{180236F0-C22B-4B88-9684-FD2ED6FF8C3A}.Debug|Any CPU.Build.0 = Debug|Any CPU
		{180236F0-C22B-4B88-9684-FD2ED6FF8C3A}.Release|Any CPU.ActiveCfg = Release|Any CPU
		{180236F0-C22B-4B88-9684-FD2ED6FF8C3A}.Release|Any CPU.Build.0 = Release|Any CPU
		{B8843E45-E756-4154-9B20-D5DC46EC4959}.Debug|Any CPU.ActiveCfg = Debug|Any CPU
		{B8843E45-E756-4154-9B20-D5DC46EC4959}.Debug|Any CPU.Build.0 = Debug|Any CPU
		{B8843E45-E756-4154-9B20-D5DC46EC4959}.Release|Any CPU.ActiveCfg = Release|Any CPU
		{B8843E45-E756-4154-9B20-D5DC46EC4959}.Release|Any CPU.Build.0 = Release|Any CPU
		{93B4D155-DDE9-4618-A7CE-58C36F19F615}.Debug|Any CPU.ActiveCfg = Debug|Any CPU
		{93B4D155-DDE9-4618-A7CE-58C36F19F615}.Debug|Any CPU.Build.0 = Debug|Any CPU
		{93B4D155-DDE9-4618-A7CE-58C36F19F615}.Release|Any CPU.ActiveCfg = Release|Any CPU
		{93B4D155-DDE9-4618-A7CE-58C36F19F615}.Release|Any CPU.Build.0 = Release|Any CPU
		{C17DB72C-7C5B-4628-8CD4-8D8BBD4294AD}.Debug|Any CPU.ActiveCfg = Debug|Any CPU
		{C17DB72C-7C5B-4628-8CD4-8D8BBD4294AD}.Debug|Any CPU.Build.0 = Debug|Any CPU
		{C17DB72C-7C5B-4628-8CD4-8D8BBD4294AD}.Release|Any CPU.ActiveCfg = Release|Any CPU
		{C17DB72C-7C5B-4628-8CD4-8D8BBD4294AD}.Release|Any CPU.Build.0 = Release|Any CPU
		{149FE8EF-820A-405D-9D72-6B227839B866}.Debug|Any CPU.ActiveCfg = Debug|Any CPU
		{149FE8EF-820A-405D-9D72-6B227839B866}.Debug|Any CPU.Build.0 = Debug|Any CPU
		{149FE8EF-820A-405D-9D72-6B227839B866}.Release|Any CPU.ActiveCfg = Release|Any CPU
		{149FE8EF-820A-405D-9D72-6B227839B866}.Release|Any CPU.Build.0 = Release|Any CPU
		{E00BEF0A-2BF9-4290-A353-9767049EB607}.Debug|Any CPU.ActiveCfg = Debug|Any CPU
		{E00BEF0A-2BF9-4290-A353-9767049EB607}.Debug|Any CPU.Build.0 = Debug|Any CPU
		{E00BEF0A-2BF9-4290-A353-9767049EB607}.Release|Any CPU.ActiveCfg = Release|Any CPU
		{E00BEF0A-2BF9-4290-A353-9767049EB607}.Release|Any CPU.Build.0 = Release|Any CPU
		{E7D5A354-76F4-4241-BF33-8729A4F6F58F}.Debug|Any CPU.ActiveCfg = Debug|Any CPU
		{E7D5A354-76F4-4241-BF33-8729A4F6F58F}.Debug|Any CPU.Build.0 = Debug|Any CPU
		{E7D5A354-76F4-4241-BF33-8729A4F6F58F}.Release|Any CPU.ActiveCfg = Release|Any CPU
		{E7D5A354-76F4-4241-BF33-8729A4F6F58F}.Release|Any CPU.Build.0 = Release|Any CPU
		{6FDCAC08-DD1B-4FA9-96AB-9F3BD0AD3CBC}.Debug|Any CPU.ActiveCfg = Debug|Any CPU
		{6FDCAC08-DD1B-4FA9-96AB-9F3BD0AD3CBC}.Debug|Any CPU.Build.0 = Debug|Any CPU
		{6FDCAC08-DD1B-4FA9-96AB-9F3BD0AD3CBC}.Release|Any CPU.ActiveCfg = Release|Any CPU
		{6FDCAC08-DD1B-4FA9-96AB-9F3BD0AD3CBC}.Release|Any CPU.Build.0 = Release|Any CPU
		{0A6A14BC-842B-488F-9D54-B03671C69993}.Debug|Any CPU.ActiveCfg = Debug|Any CPU
		{0A6A14BC-842B-488F-9D54-B03671C69993}.Debug|Any CPU.Build.0 = Debug|Any CPU
		{0A6A14BC-842B-488F-9D54-B03671C69993}.Release|Any CPU.ActiveCfg = Release|Any CPU
		{0A6A14BC-842B-488F-9D54-B03671C69993}.Release|Any CPU.Build.0 = Release|Any CPU
		{B7BFA4F1-6764-47A4-B499-7836CE99FD76}.Debug|Any CPU.ActiveCfg = Debug|Any CPU
		{B7BFA4F1-6764-47A4-B499-7836CE99FD76}.Debug|Any CPU.Build.0 = Debug|Any CPU
		{B7BFA4F1-6764-47A4-B499-7836CE99FD76}.Release|Any CPU.ActiveCfg = Release|Any CPU
		{B7BFA4F1-6764-47A4-B499-7836CE99FD76}.Release|Any CPU.Build.0 = Release|Any CPU
		{C81E2F15-A454-42E5-B97F-6AE125825597}.Debug|Any CPU.ActiveCfg = Debug|Any CPU
		{C81E2F15-A454-42E5-B97F-6AE125825597}.Debug|Any CPU.Build.0 = Debug|Any CPU
		{C81E2F15-A454-42E5-B97F-6AE125825597}.Release|Any CPU.ActiveCfg = Release|Any CPU
		{C81E2F15-A454-42E5-B97F-6AE125825597}.Release|Any CPU.Build.0 = Release|Any CPU
		{B5C8386C-4FAE-4367-8E81-251D1B478C83}.Debug|Any CPU.ActiveCfg = Debug|Any CPU
		{B5C8386C-4FAE-4367-8E81-251D1B478C83}.Debug|Any CPU.Build.0 = Debug|Any CPU
		{B5C8386C-4FAE-4367-8E81-251D1B478C83}.Release|Any CPU.ActiveCfg = Release|Any CPU
		{B5C8386C-4FAE-4367-8E81-251D1B478C83}.Release|Any CPU.Build.0 = Release|Any CPU
	EndGlobalSection
	GlobalSection(NestedProjects) = preSolution
		{B427BDA0-D082-11E9-B2FF-2B4628125145} = {D3DB5CA3-5399-461A-BEBE-32C1F6709367}
		{3F73C5CF-DD50-4D5F-8955-01FEB535F5E1} = {D3DB5CA3-5399-461A-BEBE-32C1F6709367}
		{209CE8B4-E5F5-43BF-972C-A7230DBA595D} = {D3DB5CA3-5399-461A-BEBE-32C1F6709367}
		{2F131F61-32A6-4A49-8527-7BD36035DCC5} = {D3DB5CA3-5399-461A-BEBE-32C1F6709367}
		{4F245429-E4B9-44A5-8C5B-A1990D98FC10} = {2F131F61-32A6-4A49-8527-7BD36035DCC5}
		{F6B18C22-9930-4097-9A69-915F6C8CF85B} = {2F131F61-32A6-4A49-8527-7BD36035DCC5}
		{575B85A9-3D68-4E94-ADBE-A91665CC3B21} = {2F131F61-32A6-4A49-8527-7BD36035DCC5}
		{4F5CDE7D-FE9F-414F-957D-CF30951E2FF9} = {2F131F61-32A6-4A49-8527-7BD36035DCC5}
		{33BF38DC-281F-4521-8A46-8A3C192D246A} = {D3DB5CA3-5399-461A-BEBE-32C1F6709367}
		{D5A585CB-2802-4F40-B89B-2B8724D22C2A} = {D3DB5CA3-5399-461A-BEBE-32C1F6709367}
		{27DCFA95-0466-4114-9B05-7C7285FDDA07} = {D5A585CB-2802-4F40-B89B-2B8724D22C2A}
		{9760C59F-CAEA-46A8-AEAA-03B6F9DE5E02} = {D5A585CB-2802-4F40-B89B-2B8724D22C2A}
		{A8010C67-2051-45F6-9EEC-4F8A70B56671} = {D3DB5CA3-5399-461A-BEBE-32C1F6709367}
		{836FA22C-8CDF-470D-8636-79DE350C5673} = {A8010C67-2051-45F6-9EEC-4F8A70B56671}
		{676ED9F8-84C3-40B9-A060-5344B683DFAC} = {A8010C67-2051-45F6-9EEC-4F8A70B56671}
		{D9B7CD09-6133-419A-BE21-FAE12020D434} = {B427BDA0-D082-11E9-B2FF-2B4628125145}
		{243EE683-D4B7-4581-B433-7E809A6232F5} = {B427BDA0-D082-11E9-B2FF-2B4628125145}
		{CAA9CEA9-EF80-454A-B711-E43B9A92B52A} = {D3DB5CA3-5399-461A-BEBE-32C1F6709367}
		{72F85B0B-AA94-44FF-8661-153334BB365C} = {CAA9CEA9-EF80-454A-B711-E43B9A92B52A}
		{CC4189C3-9B4B-4B8C-889C-E248C54F76A0} = {CAA9CEA9-EF80-454A-B711-E43B9A92B52A}
		{54ACD8A3-0002-4D97-9529-72FFE68DC751} = {CAA9CEA9-EF80-454A-B711-E43B9A92B52A}
		{2E0CA804-F096-4F0D-93C5-60EC3067DC4F} = {D3DB5CA3-5399-461A-BEBE-32C1F6709367}
		{180236F0-C22B-4B88-9684-FD2ED6FF8C3A} = {2E0CA804-F096-4F0D-93C5-60EC3067DC4F}
		{B8843E45-E756-4154-9B20-D5DC46EC4959} = {9317A825-F47D-46C6-953B-45E379AA4BAD}
		{9317A825-F47D-46C6-953B-45E379AA4BAD} = {D3DB5CA3-5399-461A-BEBE-32C1F6709367}
		{944AEB89-C858-47BE-A135-FAC3AA9F3AE2} = {D3DB5CA3-5399-461A-BEBE-32C1F6709367}
		{93B4D155-DDE9-4618-A7CE-58C36F19F615} = {944AEB89-C858-47BE-A135-FAC3AA9F3AE2}
		{C17DB72C-7C5B-4628-8CD4-8D8BBD4294AD} = {A8010C67-2051-45F6-9EEC-4F8A70B56671}
		{149FE8EF-820A-405D-9D72-6B227839B866} = {A8010C67-2051-45F6-9EEC-4F8A70B56671}
		{E00BEF0A-2BF9-4290-A353-9767049EB607} = {A8010C67-2051-45F6-9EEC-4F8A70B56671}
		{E7D5A354-76F4-4241-BF33-8729A4F6F58F} = {A8010C67-2051-45F6-9EEC-4F8A70B56671}
		{6FDCAC08-DD1B-4FA9-96AB-9F3BD0AD3CBC} = {2F131F61-32A6-4A49-8527-7BD36035DCC5}
		{0A6A14BC-842B-488F-9D54-B03671C69993} = {2F131F61-32A6-4A49-8527-7BD36035DCC5}
		{B7BFA4F1-6764-47A4-B499-7836CE99FD76} = {2F131F61-32A6-4A49-8527-7BD36035DCC5}
		{C81E2F15-A454-42E5-B97F-6AE125825597} = {2F131F61-32A6-4A49-8527-7BD36035DCC5}
		{B5C8386C-4FAE-4367-8E81-251D1B478C83} = {A8010C67-2051-45F6-9EEC-4F8A70B56671}
	EndGlobalSection
EndGlobal
