
Microsoft Visual Studio Solution File, Format Version 12.00
# Visual Studio 15
Project("{2150E333-8FDC-42A3-9474-1A3956D46DE8}") = "src", "src", "{D3DB5CA3-5399-461A-BEBE-32C1F6709367}"
EndProject
Project("{FAE04EC0-301F-11D3-BF4B-00C04F79EFBC}") = "AspNetCoreRateLimitDemo", "src\AspNetCoreRateLimitDemo\AspNetCoreRateLimitDemo.csproj", "{3F73C5CF-DD50-4D5F-8955-01FEB535F5E1}"
EndProject
Project("{FAE04EC0-301F-11D3-BF4B-00C04F79EFBC}") = "MiniProfilerDemo", "src\MiniProfilerDemo\MiniProfilerDemo.csproj", "{209CE8B4-E5F5-43BF-972C-A7230DBA595D}"
EndProject
Project("{2150E333-8FDC-42A3-9474-1A3956D46DE8}") = "IdSrv4", "IdSrv4", "{2F131F61-32A6-4A49-8527-7BD36035DCC5}"
EndProject
Project("{FAE04EC0-301F-11D3-BF4B-00C04F79EFBC}") = "IdSrv4Demo", "src\IdSrv4\IdSrv4Demo\IdSrv4Demo.csproj", "{4F245429-E4B9-44A5-8C5B-A1990D98FC10}"
EndProject
Project("{FAE04EC0-301F-11D3-BF4B-00C04F79EFBC}") = "IdSrv4Demo.Api", "src\IdSrv4\IdSrv4Demo.Api\IdSrv4Demo.Api.csproj", "{F6B18C22-9930-4097-9A69-915F6C8CF85B}"
EndProject
Project("{FAE04EC0-301F-11D3-BF4B-00C04F79EFBC}") = "IdSrv4Demo.Mvc", "src\IdSrv4\IdSrv4Demo.Mvc\IdSrv4Demo.Mvc.csproj", "{575B85A9-3D68-4E94-ADBE-A91665CC3B21}"
EndProject
Project("{FAE04EC0-301F-11D3-BF4B-00C04F79EFBC}") = "IdSrv4Demo.JS", "src\IdSrv4\IdSrv4Demo.JS\IdSrv4Demo.JS.csproj", "{4F5CDE7D-FE9F-414F-957D-CF30951E2FF9}"
EndProject
Project("{9344BDBB-3E7F-41FC-A0DD-8665D75EE146}") = "IdentityServer.Admin", "src\IdSrv4\IdentityServer.Admin\IdentityServer.Admin.csproj", "{FA5CBF34-6C9F-469A-8C15-2498DAB361AA}"
EndProject
Project("{9344BDBB-3E7F-41FC-A0DD-8665D75EE146}") = "IdentityServer.ASPCoreId", "src\IdSrv4\IdentityServer.ASPCoreId\IdentityServer.ASPCoreId.csproj", "{0A85733A-E6EB-42C3-9262-62226A4EEBA0}"
EndProject
Project("{9344BDBB-3E7F-41FC-A0DD-8665D75EE146}") = "IdentityServer.EFCoreStore", "src\IdSrv4\IdentityServer.EFCoreStore\IdentityServer.EFCoreStore.csproj", "{1360AFB6-E761-4F38-A464-727BCA5AD089}"
EndProject
Project("{9344BDBB-3E7F-41FC-A0DD-8665D75EE146}") = "IdentityServer.InMemStore", "src\IdSrv4\IdentityServer.InMemStore\IdentityServer.InMemStore.csproj", "{53A51363-5AAF-4970-B623-E73F6E6B1607}"
EndProject
Project("{FAE04EC0-301F-11D3-BF4B-00C04F79EFBC}") = "MiddlewareDemo", "src\MiddlewareDemo\MiddlewareDemo.csproj", "{33BF38DC-281F-4521-8A46-8A3C192D246A}"
EndProject
Global
	GlobalSection(SolutionConfigurationPlatforms) = preSolution
		Debug|Any CPU = Debug|Any CPU
		Release|Any CPU = Release|Any CPU
	EndGlobalSection
	GlobalSection(ProjectConfigurationPlatforms) = postSolution
		{3F73C5CF-DD50-4D5F-8955-01FEB535F5E1}.Debug|Any CPU.ActiveCfg = Debug|Any CPU
		{3F73C5CF-DD50-4D5F-8955-01FEB535F5E1}.Debug|Any CPU.Build.0 = Debug|Any CPU
		{3F73C5CF-DD50-4D5F-8955-01FEB535F5E1}.Release|Any CPU.ActiveCfg = Release|Any CPU
		{3F73C5CF-DD50-4D5F-8955-01FEB535F5E1}.Release|Any CPU.Build.0 = Release|Any CPU
		{209CE8B4-E5F5-43BF-972C-A7230DBA595D}.Debug|Any CPU.ActiveCfg = Debug|Any CPU
		{209CE8B4-E5F5-43BF-972C-A7230DBA595D}.Debug|Any CPU.Build.0 = Debug|Any CPU
		{209CE8B4-E5F5-43BF-972C-A7230DBA595D}.Release|Any CPU.ActiveCfg = Release|Any CPU
		{209CE8B4-E5F5-43BF-972C-A7230DBA595D}.Release|Any CPU.Build.0 = Release|Any CPU
		{4F245429-E4B9-44A5-8C5B-A1990D98FC10}.Debug|Any CPU.ActiveCfg = Debug|Any CPU
		{4F245429-E4B9-44A5-8C5B-A1990D98FC10}.Debug|Any CPU.Build.0 = Debug|Any CPU
		{4F245429-E4B9-44A5-8C5B-A1990D98FC10}.Release|Any CPU.ActiveCfg = Release|Any CPU
		{4F245429-E4B9-44A5-8C5B-A1990D98FC10}.Release|Any CPU.Build.0 = Release|Any CPU
		{F6B18C22-9930-4097-9A69-915F6C8CF85B}.Debug|Any CPU.ActiveCfg = Debug|Any CPU
		{F6B18C22-9930-4097-9A69-915F6C8CF85B}.Debug|Any CPU.Build.0 = Debug|Any CPU
		{F6B18C22-9930-4097-9A69-915F6C8CF85B}.Release|Any CPU.ActiveCfg = Release|Any CPU
		{F6B18C22-9930-4097-9A69-915F6C8CF85B}.Release|Any CPU.Build.0 = Release|Any CPU
		{575B85A9-3D68-4E94-ADBE-A91665CC3B21}.Debug|Any CPU.ActiveCfg = Debug|Any CPU
		{575B85A9-3D68-4E94-ADBE-A91665CC3B21}.Debug|Any CPU.Build.0 = Debug|Any CPU
		{575B85A9-3D68-4E94-ADBE-A91665CC3B21}.Release|Any CPU.ActiveCfg = Release|Any CPU
		{575B85A9-3D68-4E94-ADBE-A91665CC3B21}.Release|Any CPU.Build.0 = Release|Any CPU
		{4F5CDE7D-FE9F-414F-957D-CF30951E2FF9}.Debug|Any CPU.ActiveCfg = Debug|Any CPU
		{4F5CDE7D-FE9F-414F-957D-CF30951E2FF9}.Debug|Any CPU.Build.0 = Debug|Any CPU
		{4F5CDE7D-FE9F-414F-957D-CF30951E2FF9}.Release|Any CPU.ActiveCfg = Release|Any CPU
		{4F5CDE7D-FE9F-414F-957D-CF30951E2FF9}.Release|Any CPU.Build.0 = Release|Any CPU
		{FA5CBF34-6C9F-469A-8C15-2498DAB361AA}.Debug|Any CPU.ActiveCfg = Debug|Any CPU
		{FA5CBF34-6C9F-469A-8C15-2498DAB361AA}.Debug|Any CPU.Build.0 = Debug|Any CPU
		{FA5CBF34-6C9F-469A-8C15-2498DAB361AA}.Release|Any CPU.ActiveCfg = Release|Any CPU
		{FA5CBF34-6C9F-469A-8C15-2498DAB361AA}.Release|Any CPU.Build.0 = Release|Any CPU
		{0A85733A-E6EB-42C3-9262-62226A4EEBA0}.Debug|Any CPU.ActiveCfg = Debug|Any CPU
		{0A85733A-E6EB-42C3-9262-62226A4EEBA0}.Debug|Any CPU.Build.0 = Debug|Any CPU
		{0A85733A-E6EB-42C3-9262-62226A4EEBA0}.Release|Any CPU.ActiveCfg = Release|Any CPU
		{0A85733A-E6EB-42C3-9262-62226A4EEBA0}.Release|Any CPU.Build.0 = Release|Any CPU
		{1360AFB6-E761-4F38-A464-727BCA5AD089}.Debug|Any CPU.ActiveCfg = Debug|Any CPU
		{1360AFB6-E761-4F38-A464-727BCA5AD089}.Debug|Any CPU.Build.0 = Debug|Any CPU
		{1360AFB6-E761-4F38-A464-727BCA5AD089}.Release|Any CPU.ActiveCfg = Release|Any CPU
		{1360AFB6-E761-4F38-A464-727BCA5AD089}.Release|Any CPU.Build.0 = Release|Any CPU
		{53A51363-5AAF-4970-B623-E73F6E6B1607}.Debug|Any CPU.ActiveCfg = Debug|Any CPU
		{53A51363-5AAF-4970-B623-E73F6E6B1607}.Debug|Any CPU.Build.0 = Debug|Any CPU
		{53A51363-5AAF-4970-B623-E73F6E6B1607}.Release|Any CPU.ActiveCfg = Release|Any CPU
		{53A51363-5AAF-4970-B623-E73F6E6B1607}.Release|Any CPU.Build.0 = Release|Any CPU
		{33BF38DC-281F-4521-8A46-8A3C192D246A}.Debug|Any CPU.ActiveCfg = Debug|Any CPU
		{33BF38DC-281F-4521-8A46-8A3C192D246A}.Debug|Any CPU.Build.0 = Debug|Any CPU
		{33BF38DC-281F-4521-8A46-8A3C192D246A}.Release|Any CPU.ActiveCfg = Release|Any CPU
		{33BF38DC-281F-4521-8A46-8A3C192D246A}.Release|Any CPU.Build.0 = Release|Any CPU
	EndGlobalSection
	GlobalSection(NestedProjects) = preSolution
		{3F73C5CF-DD50-4D5F-8955-01FEB535F5E1} = {D3DB5CA3-5399-461A-BEBE-32C1F6709367}
		{209CE8B4-E5F5-43BF-972C-A7230DBA595D} = {D3DB5CA3-5399-461A-BEBE-32C1F6709367}
		{2F131F61-32A6-4A49-8527-7BD36035DCC5} = {D3DB5CA3-5399-461A-BEBE-32C1F6709367}
		{4F245429-E4B9-44A5-8C5B-A1990D98FC10} = {2F131F61-32A6-4A49-8527-7BD36035DCC5}
		{F6B18C22-9930-4097-9A69-915F6C8CF85B} = {2F131F61-32A6-4A49-8527-7BD36035DCC5}
		{575B85A9-3D68-4E94-ADBE-A91665CC3B21} = {2F131F61-32A6-4A49-8527-7BD36035DCC5}
		{4F5CDE7D-FE9F-414F-957D-CF30951E2FF9} = {2F131F61-32A6-4A49-8527-7BD36035DCC5}
		{33BF38DC-281F-4521-8A46-8A3C192D246A} = {D3DB5CA3-5399-461A-BEBE-32C1F6709367}
		{FA5CBF34-6C9F-469A-8C15-2498DAB361AA} = {2F131F61-32A6-4A49-8527-7BD36035DCC5}
		{0A85733A-E6EB-42C3-9262-62226A4EEBA0} = {2F131F61-32A6-4A49-8527-7BD36035DCC5}
		{1360AFB6-E761-4F38-A464-727BCA5AD089} = {2F131F61-32A6-4A49-8527-7BD36035DCC5}
		{53A51363-5AAF-4970-B623-E73F6E6B1607} = {2F131F61-32A6-4A49-8527-7BD36035DCC5}
	EndGlobalSection
EndGlobal
